{
  "originHash" : "94248a17dfbc1b3941f68c1aa85a28912c1561e2ece4e96a260f536b5ddf89d7",
  "pins" : [
    {
      "identity" : "expecttoeventuallyequal",
      "kind" : "remoteSourceControl",
      "location" : "https://github.com/jonreid/ExpectToEventuallyEqual",
      "state" : {
        "branch" : "main",
        "revision" : "cffb4b2a37f3856cc7f38bab3276d08825026c20"
      }
    }
  ],
  "version" : 3
}
