{
  "originHash" : "94248a17dfbc1b3941f68c1aa85a28912c1561e2ece4e96a260f536b5ddf89d7",
  "pins" : [
    {
      "identity" : "expecttoeventuallyequal",
      "kind" : "remoteSourceControl",
      "location" : "https://github.com/jonreid/ExpectToEventuallyEqual",
      "state" : {
        "branch" : "main",
        "revision" : "ed9520136cfa3d61e9e93a9159f5ad74407b03ba"
      }
    }
  ],
  "version" : 3
}
