{
  "originHash" : "94248a17dfbc1b3941f68c1aa85a28912c1561e2ece4e96a260f536b5ddf89d7",
  "pins" : [
    {
      "identity" : "expecttoeventuallyequal",
      "kind" : "remoteSourceControl",
      "location" : "https://github.com/jonreid/ExpectToEventuallyEqual",
      "state" : {
        "branch" : "main",
        "revision" : "1ad39edb478fe12fce75d03c257edbf98d7d4f70"
      }
    }
  ],
  "version" : 3
}
